
Microsoft Visual Studio Solution File, Format Version 12.00
# Visual Studio Version 17
VisualStudioVersion = 17.14.36915.13
MinimumVisualStudioVersion = 10.0.40219.1
Project("{54A90642-561A-4BB1-A94E-469ADEE60C69}") = "stocktradingbotclient", "stocktradingbotclient.esproj", "{A32C2CAA-2FCD-652D-DEDA-642A6F4A1E09}"
EndProject
Global
	GlobalSection(SolutionConfigurationPlatforms) = preSolution
		Debug|Any CPU = Debug|Any CPU
		Release|Any CPU = Release|Any CPU
	EndGlobalSection
	GlobalSection(ProjectConfigurationPlatforms) = postSolution
		{A32C2CAA-2FCD-652D-DEDA-642A6F4A1E09}.Debug|Any CPU.ActiveCfg = Debug|Any CPU
		{A32C2CAA-2FCD-652D-DEDA-642A6F4A1E09}.Debug|Any CPU.Build.0 = Debug|Any CPU
		{A32C2CAA-2FCD-652D-DEDA-642A6F4A1E09}.Debug|Any CPU.Deploy.0 = Debug|Any CPU
		{A32C2CAA-2FCD-652D-DEDA-642A6F4A1E09}.Release|Any CPU.ActiveCfg = Release|Any CPU
		{A32C2CAA-2FCD-652D-DEDA-642A6F4A1E09}.Release|Any CPU.Build.0 = Release|Any CPU
		{A32C2CAA-2FCD-652D-DEDA-642A6F4A1E09}.Release|Any CPU.Deploy.0 = Release|Any CPU
	EndGlobalSection
	GlobalSection(SolutionProperties) = preSolution
		HideSolutionNode = FALSE
	EndGlobalSection
	GlobalSection(ExtensibilityGlobals) = postSolution
		SolutionGuid = {0F103590-72FE-4081-B566-996845108300}
	EndGlobalSection
EndGlobal
